
Microsoft Visual Studio Solution File, Format Version 12.00
# Visual Studio 15
VisualStudioVersion = 15.0.28307.1800
MinimumVisualStudioVersion = 10.0.40219.1
Project("{FAE04EC0-301F-11D3-BF4B-00C04F79EFBC}") = "WebAPI_App.Data", "WebAPI_App.Data\WebAPI_App.Data.csproj", "{AEDC2581-B0F0-49C5-A03C-5BF9B69A7CE7}"
EndProject
Project("{9A19103F-16F7-4668-BE54-9A1E7A4F7556}") = "WebAPI_App.Web", "WebAPI_App.Web\WebAPI_App.Web.csproj", "{1BA7A81B-0639-45E3-A457-CE952F5F9D53}"
EndProject
Project("{2150E333-8FDC-42A3-9474-1A3956D46DE8}") = "Tests", "Tests", "{7C624A8B-978F-4154-B5CE-B0427E0DE7A0}"
	ProjectSection(SolutionItems) = preProject
		Tests\WinTask.postman_collection.json = Tests\WinTask.postman_collection.json
	EndProjectSection
EndProject
Global
	GlobalSection(SolutionConfigurationPlatforms) = preSolution
		Debug|Any CPU = Debug|Any CPU
		Release|Any CPU = Release|Any CPU
	EndGlobalSection
	GlobalSection(ProjectConfigurationPlatforms) = postSolution
		{AEDC2581-B0F0-49C5-A03C-5BF9B69A7CE7}.Debug|Any CPU.ActiveCfg = Debug|Any CPU
		{AEDC2581-B0F0-49C5-A03C-5BF9B69A7CE7}.Debug|Any CPU.Build.0 = Debug|Any CPU
		{AEDC2581-B0F0-49C5-A03C-5BF9B69A7CE7}.Release|Any CPU.ActiveCfg = Release|Any CPU
		{AEDC2581-B0F0-49C5-A03C-5BF9B69A7CE7}.Release|Any CPU.Build.0 = Release|Any CPU
		{1BA7A81B-0639-45E3-A457-CE952F5F9D53}.Debug|Any CPU.ActiveCfg = Debug|Any CPU
		{1BA7A81B-0639-45E3-A457-CE952F5F9D53}.Debug|Any CPU.Build.0 = Debug|Any CPU
		{1BA7A81B-0639-45E3-A457-CE952F5F9D53}.Release|Any CPU.ActiveCfg = Release|Any CPU
		{1BA7A81B-0639-45E3-A457-CE952F5F9D53}.Release|Any CPU.Build.0 = Release|Any CPU
	EndGlobalSection
	GlobalSection(SolutionProperties) = preSolution
		HideSolutionNode = FALSE
	EndGlobalSection
	GlobalSection(ExtensibilityGlobals) = postSolution
		SolutionGuid = {889D242F-0564-406E-A283-A8A630BF762F}
	EndGlobalSection
EndGlobal
